Microsoft Visual Studio Solution File, Format Version 12.00
# Visual Studio Version 17
VisualStudioVersion = 17.5.2.0
MinimumVisualStudioVersion = 10.0.40219.1
Project("{FAE04EC0-301F-11D3-BF4B-00C04F79EFBC}") = "FatiAPI", "FatiAPI.csproj", "{AB3548B8-F182-2523-79CE-ECE58AC8115A}"
EndProject
Global
	GlobalSection(SolutionConfigurationPlatforms) = preSolution
		Debug|Any CPU = Debug|Any CPU
		Release|Any CPU = Release|Any CPU
	EndGlobalSection
	GlobalSection(ProjectConfigurationPlatforms) = postSolution
		{AB3548B8-F182-2523-79CE-ECE58AC8115A}.Debug|Any CPU.ActiveCfg = Debug|Any CPU
		{AB3548B8-F182-2523-79CE-ECE58AC8115A}.Debug|Any CPU.Build.0 = Debug|Any CPU
		{AB3548B8-F182-2523-79CE-ECE58AC8115A}.Release|Any CPU.ActiveCfg = Release|Any CPU
		{AB3548B8-F182-2523-79CE-ECE58AC8115A}.Release|Any CPU.Build.0 = Release|Any CPU
	EndGlobalSection
	GlobalSection(SolutionProperties) = preSolution
		HideSolutionNode = FALSE
	EndGlobalSection
	GlobalSection(ExtensibilityGlobals) = postSolution
		SolutionGuid = {65690738-2ED6-485B-B2E1-C1DC03E2AC62}
	EndGlobalSection
EndGlobal
